
Microsoft Visual Studio Solution File, Format Version 12.00
# Visual Studio Version 16
VisualStudioVersion = 16.0.30114.105
MinimumVisualStudioVersion = 10.0.40219.1
Project("{FAE04EC0-301F-11D3-BF4B-00C04F79EFBC}") = "ACM.BL", "ACM.BL\ACM.BL.csproj", "{59BB2720-16EA-4975-97CD-A9D5710BDC69}"
EndProject
Project("{FAE04EC0-301F-11D3-BF4B-00C04F79EFBC}") = "ACM.BLTest", "ACM.BLTest\ACM.BLTest.csproj", "{FEAE1711-E0C4-47D5-AEB6-488B8C8ADDEE}"
EndProject
Global
	GlobalSection(SolutionConfigurationPlatforms) = preSolution
		Debug|Any CPU = Debug|Any CPU
		Release|Any CPU = Release|Any CPU
	EndGlobalSection
	GlobalSection(SolutionProperties) = preSolution
		HideSolutionNode = FALSE
	EndGlobalSection
	GlobalSection(ProjectConfigurationPlatforms) = postSolution
		{59BB2720-16EA-4975-97CD-A9D5710BDC69}.Debug|Any CPU.ActiveCfg = Debug|Any CPU
		{59BB2720-16EA-4975-97CD-A9D5710BDC69}.Debug|Any CPU.Build.0 = Debug|Any CPU
		{59BB2720-16EA-4975-97CD-A9D5710BDC69}.Release|Any CPU.ActiveCfg = Release|Any CPU
		{59BB2720-16EA-4975-97CD-A9D5710BDC69}.Release|Any CPU.Build.0 = Release|Any CPU
		{FEAE1711-E0C4-47D5-AEB6-488B8C8ADDEE}.Debug|Any CPU.ActiveCfg = Debug|Any CPU
		{FEAE1711-E0C4-47D5-AEB6-488B8C8ADDEE}.Debug|Any CPU.Build.0 = Debug|Any CPU
		{FEAE1711-E0C4-47D5-AEB6-488B8C8ADDEE}.Release|Any CPU.ActiveCfg = Release|Any CPU
		{FEAE1711-E0C4-47D5-AEB6-488B8C8ADDEE}.Release|Any CPU.Build.0 = Release|Any CPU
	EndGlobalSection
EndGlobal
